// !$*UTF8*$!
{
	archiveVersion = 1;
	classes = {
	};
	objectVersion = 56;
	objects = {

/* Begin PBXBuildFile section */
		4756713D2AE07A4100DE510F /* TransparentNavigationSplitViewExampleApp.swift in Sources */ = {isa = PBXBuildFile; fileRef = 4756713C2AE07A4100DE510F /* TransparentNavigationSplitViewExampleApp.swift */; };
		4756713F2AE07A4100DE510F /* ContentView.swift in Sources */ = {isa = PBXBuildFile; fileRef = 4756713E2AE07A4100DE510F /* ContentView.swift */; };
		475671412AE07A4200DE510F /* Assets.xcassets in Resources */ = {isa = PBXBuildFile; fileRef = 475671402AE07A4200DE510F /* Assets.xcassets */; };
		475671442AE07A4200DE510F /* Preview Assets.xcassets in Resources */ = {isa = PBXBuildFile; fileRef = 475671432AE07A4200DE510F /* Preview Assets.xcassets */; };
		B58F2A60DD1DF050983AD4A8 /* Pods_TransparentNavigationSplitViewExample.framework in Frameworks */ = {isa = PBXBuildFile; fileRef = C42FB0A5BBCC838454B2E4D7 /* Pods_TransparentNavigationSplitViewExample.framework */; };
/* End PBXBuildFile section */

/* Begin PBXFileReference section */
		11B695D350AA72A2BA047972 /* Pods-TransparentNavigationSplitViewExample.debug.xcconfig */ = {isa = PBXFileReference; includeInIndex = 1; lastKnownFileType = text.xcconfig; name = "Pods-TransparentNavigationSplitViewExample.debug.xcconfig"; path = "Target Support Files/Pods-TransparentNavigationSplitViewExample/Pods-TransparentNavigationSplitViewExample.debug.xcconfig"; sourceTree = "<group>"; };
		475671392AE07A4100DE510F /* TransparentNavigationSplitViewExample.app */ = {isa = PBXFileReference; explicitFileType = wrapper.application; includeInIndex = 0; path = TransparentNavigationSplitViewExample.app; sourceTree = BUILT_PRODUCTS_DIR; };
		4756713C2AE07A4100DE510F /* TransparentNavigationSplitViewExampleApp.swift */ = {isa = PBXFileReference; lastKnownFileType = sourcecode.swift; path = TransparentNavigationSplitViewExampleApp.swift; sourceTree = "<group>"; };
		4756713E2AE07A4100DE510F /* ContentView.swift */ = {isa = PBXFileReference; lastKnownFileType = sourcecode.swift; path = ContentView.swift; sourceTree = "<group>"; };
		475671402AE07A4200DE510F /* Assets.xcassets */ = {isa = PBXFileReference; lastKnownFileType = folder.assetcatalog; path = Assets.xcassets; sourceTree = "<group>"; };
		475671432AE07A4200DE510F /* Preview Assets.xcassets */ = {isa = PBXFileReference; lastKnownFileType = folder.assetcatalog; path = "Preview Assets.xcassets"; sourceTree = "<group>"; };
		475671452AE07A4200DE510F /* TransparentNavigationSplitViewExample.entitlements */ = {isa = PBXFileReference; lastKnownFileType = text.plist.entitlements; path = TransparentNavigationSplitViewExample.entitlements; sourceTree = "<group>"; };
		C42FB0A5BBCC838454B2E4D7 /* Pods_TransparentNavigationSplitViewExample.framework */ = {isa = PBXFileReference; explicitFileType = wrapper.framework; includeInIndex = 0; path = Pods_TransparentNavigationSplitViewExample.framework; sourceTree = BUILT_PRODUCTS_DIR; };
		E69935767C87570C8BAB4194 /* Pods-TransparentNavigationSplitViewExample.release.xcconfig */ = {isa = PBXFileReference; includeInIndex = 1; lastKnownFileType = text.xcconfig; name = "Pods-TransparentNavigationSplitViewExample.release.xcconfig"; path = "Target Support Files/Pods-TransparentNavigationSplitViewExample/Pods-TransparentNavigationSplitViewExample.release.xcconfig"; sourceTree = "<group>"; };
/* End PBXFileReference section */

/* Begin PBXFrameworksBuildPhase section */
		475671362AE07A4100DE510F /* Frameworks */ = {
			isa = PBXFrameworksBuildPhase;
			buildActionMask = 2147483647;
			files = (
				B58F2A60DD1DF050983AD4A8 /* Pods_TransparentNavigationSplitViewExample.framework in Frameworks */,
			);
			runOnlyForDeploymentPostprocessing = 0;
		};
/* End PBXFrameworksBuildPhase section */

/* Begin PBXGroup section */
		475671302AE07A4100DE510F = {
			isa = PBXGroup;
			children = (
				4756713B2AE07A4100DE510F /* TransparentNavigationSplitViewExample */,
				4756713A2AE07A4100DE510F /* Products */,
				D9D11F0DBF9927AB80D105D3 /* Pods */,
				7003C89EA87EF28B44FD8EC3 /* Frameworks */,
			);
			sourceTree = "<group>";
		};
		4756713A2AE07A4100DE510F /* Products */ = {
			isa = PBXGroup;
			children = (
				475671392AE07A4100DE510F /* TransparentNavigationSplitViewExample.app */,
			);
			name = Products;
			sourceTree = "<group>";
		};
		4756713B2AE07A4100DE510F /* TransparentNavigationSplitViewExample */ = {
			isa = PBXGroup;
			children = (
				4756713C2AE07A4100DE510F /* TransparentNavigationSplitViewExampleApp.swift */,
				4756713E2AE07A4100DE510F /* ContentView.swift */,
				475671402AE07A4200DE510F /* Assets.xcassets */,
				475671452AE07A4200DE510F /* TransparentNavigationSplitViewExample.entitlements */,
				475671422AE07A4200DE510F /* Preview Content */,
			);
			path = TransparentNavigationSplitViewExample;
			sourceTree = "<group>";
		};
		475671422AE07A4200DE510F /* Preview Content */ = {
			isa = PBXGroup;
			children = (
				475671432AE07A4200DE510F /* Preview Assets.xcassets */,
			);
			path = "Preview Content";
			sourceTree = "<group>";
		};
		7003C89EA87EF28B44FD8EC3 /* Frameworks */ = {
			isa = PBXGroup;
			children = (
				C42FB0A5BBCC838454B2E4D7 /* Pods_TransparentNavigationSplitViewExample.framework */,
			);
			name = Frameworks;
			sourceTree = "<group>";
		};
		D9D11F0DBF9927AB80D105D3 /* Pods */ = {
			isa = PBXGroup;
			children = (
				11B695D350AA72A2BA047972 /* Pods-TransparentNavigationSplitViewExample.debug.xcconfig */,
				E69935767C87570C8BAB4194 /* Pods-TransparentNavigationSplitViewExample.release.xcconfig */,
			);
			path = Pods;
			sourceTree = "<group>";
		};
/* End PBXGroup section */

/* Begin PBXNativeTarget section */
		475671382AE07A4100DE510F /* TransparentNavigationSplitViewExample */ = {
			isa = PBXNativeTarget;
			buildConfigurationList = 475671482AE07A4200DE510F /* Build configuration list for PBXNativeTarget "TransparentNavigationSplitViewExample" */;
			buildPhases = (
				69C7F33B4BCE132B32B46945 /* [CP] Check Pods Manifest.lock */,
				475671352AE07A4100DE510F /* Sources */,
				475671362AE07A4100DE510F /* Frameworks */,
				475671372AE07A4100DE510F /* Resources */,
				EF111442940F243E85D68B6E /* [CP] Embed Pods Frameworks */,
			);
			buildRules = (
			);
			dependencies = (
			);
			name = TransparentNavigationSplitViewExample;
			productName = TransparentNavigationSplitViewExample;
			productReference = 475671392AE07A4100DE510F /* TransparentNavigationSplitViewExample.app */;
			productType = "com.apple.product-type.application";
		};
/* End PBXNativeTarget section */

/* Begin PBXProject section */
		475671312AE07A4100DE510F /* Project object */ = {
			isa = PBXProject;
			attributes = {
				BuildIndependentTargetsInParallel = 1;
				LastSwiftUpdateCheck = 1500;
				LastUpgradeCheck = 1500;
				TargetAttributes = {
					475671382AE07A4100DE510F = {
						CreatedOnToolsVersion = 15.0;
					};
				};
			};
			buildConfigurationList = 475671342AE07A4100DE510F /* Build configuration list for PBXProject "TransparentNavigationSplitViewExample" */;
			compatibilityVersion = "Xcode 14.0";
			developmentRegion = en;
			hasScannedForEncodings = 0;
			knownRegions = (
				en,
				Base,
			);
			mainGroup = 475671302AE07A4100DE510F;
			productRefGroup = 4756713A2AE07A4100DE510F /* Products */;
			projectDirPath = "";
			projectRoot = "";
			targets = (
				475671382AE07A4100DE510F /* TransparentNavigationSplitViewExample */,
			);
		};
/* End PBXProject section */

/* Begin PBXResourcesBuildPhase section */
		475671372AE07A4100DE510F /* Resources */ = {
			isa = PBXResourcesBuildPhase;
			buildActionMask = 2147483647;
			files = (
				475671442AE07A4200DE510F /* Preview Assets.xcassets in Resources */,
				475671412AE07A4200DE510F /* Assets.xcassets in Resources */,
			);
			runOnlyForDeploymentPostprocessing = 0;
		};
/* End PBXResourcesBuildPhase section */

/* Begin PBXShellScriptBuildPhase section */
		69C7F33B4BCE132B32B46945 /* [CP] Check Pods Manifest.lock */ = {
			isa = PBXShellScriptBuildPhase;
			buildActionMask = 2147483647;
			files = (
			);
			inputFileListPaths = (
			);
			inputPaths = (
				"${PODS_PODFILE_DIR_PATH}/Podfile.lock",
				"${PODS_ROOT}/Manifest.lock",
			);
			name = "[CP] Check Pods Manifest.lock";
			outputFileListPaths = (
			);
			outputPaths = (
				"$(DERIVED_FILE_DIR)/Pods-TransparentNavigationSplitViewExample-checkManifestLockResult.txt",
			);
			runOnlyForDeploymentPostprocessing = 0;
			shellPath = /bin/sh;
			shellScript = "diff \"${PODS_PODFILE_DIR_PATH}/Podfile.lock\" \"${PODS_ROOT}/Manifest.lock\" > /dev/null\nif [ $? != 0 ] ; then\n    # print error to STDERR\n    echo \"error: The sandbox is not in sync with the Podfile.lock. Run 'pod install' or update your CocoaPods installation.\" >&2\n    exit 1\nfi\n# This output is used by Xcode 'outputs' to avoid re-running this script phase.\necho \"SUCCESS\" > \"${SCRIPT_OUTPUT_FILE_0}\"\n";
			showEnvVarsInLog = 0;
		};
		EF111442940F243E85D68B6E /* [CP] Embed Pods Frameworks */ = {
			isa = PBXShellScriptBuildPhase;
			buildActionMask = 2147483647;
			files = (
			);
			inputFileListPaths = (
				"${PODS_ROOT}/Target Support Files/Pods-TransparentNavigationSplitViewExample/Pods-TransparentNavigationSplitViewExample-frameworks-${CONFIGURATION}-input-files.xcfilelist",
			);
			name = "[CP] Embed Pods Frameworks";
			outputFileListPaths = (
				"${PODS_ROOT}/Target Support Files/Pods-TransparentNavigationSplitViewExample/Pods-TransparentNavigationSplitViewExample-frameworks-${CONFIGURATION}-output-files.xcfilelist",
			);
			runOnlyForDeploymentPostprocessing = 0;
			shellPath = /bin/sh;
			shellScript = "\"${PODS_ROOT}/Target Support Files/Pods-TransparentNavigationSplitViewExample/Pods-TransparentNavigationSplitViewExample-frameworks.sh\"\n";
			showEnvVarsInLog = 0;
		};
/* End PBXShellScriptBuildPhase section */

/* Begin PBXSourcesBuildPhase section */
		475671352AE07A4100DE510F /* Sources */ = {
			isa = PBXSourcesBuildPhase;
			buildActionMask = 2147483647;
			files = (
				4756713F2AE07A4100DE510F /* ContentView.swift in Sources */,
				4756713D2AE07A4100DE510F /* TransparentNavigationSplitViewExampleApp.swift in Sources */,
			);
			runOnlyForDeploymentPostprocessing = 0;
		};
/* End PBXSourcesBuildPhase section */

/* Begin XCBuildConfiguration section */
		475671462AE07A4200DE510F /* Debug */ = {
			isa = XCBuildConfiguration;
			buildSettings = {
				ALWAYS_SEARCH_USER_PATHS = NO;
				ASSETCATALOG_COMPILER_GENERATE_SWIFT_ASSET_SYMBOL_EXTENSIONS = YES;
				CLANG_ANALYZER_NONNULL = YES;
				CLANG_ANALYZER_NUMBER_OBJECT_CONVERSION = YES_AGGRESSIVE;
				CLANG_CXX_LANGUAGE_STANDARD = "gnu++20";
				CLANG_ENABLE_MODULES = YES;
				CLANG_ENABLE_OBJC_ARC = YES;
				CLANG_ENABLE_OBJC_WEAK = YES;
				CLANG_WARN_BLOCK_CAPTURE_AUTORELEASING = YES;
				CLANG_WARN_BOOL_CONVERSION = YES;
				CLANG_WARN_COMMA = YES;
				CLANG_WARN_CONSTANT_CONVERSION = YES;
				CLANG_WARN_DEPRECATED_OBJC_IMPLEMENTATIONS = YES;
				CLANG_WARN_DIRECT_OBJC_ISA_USAGE = YES_ERROR;
				CLANG_WARN_DOCUMENTATION_COMMENTS = YES;
				CLANG_WARN_EMPTY_BODY = YES;
				CLANG_WARN_ENUM_CONVERSION = YES;
				CLANG_WARN_INFINITE_RECURSION = YES;
				CLANG_WARN_INT_CONVERSION = YES;
				CLANG_WARN_NON_LITERAL_NULL_CONVERSION = YES;
				CLANG_WARN_OBJC_IMPLICIT_RETAIN_SELF = YES;
				CLANG_WARN_OBJC_LITERAL_CONVERSION = YES;
				CLANG_WARN_OBJC_ROOT_CLASS = YES_ERROR;
				CLANG_WARN_QUOTED_INCLUDE_IN_FRAMEWORK_HEADER = YES;
				CLANG_WARN_RANGE_LOOP_ANALYSIS = YES;
				CLANG_WARN_STRICT_PROTOTYPES = YES;
				CLANG_WARN_SUSPICIOUS_MOVE = YES;
				CLANG_WARN_UNGUARDED_AVAILABILITY = YES_AGGRESSIVE;
				CLANG_WARN_UNREACHABLE_CODE = YES;
				CLANG_WARN__DUPLICATE_METHOD_MATCH = YES;
				COPY_PHASE_STRIP = NO;
				DEBUG_INFORMATION_FORMAT = dwarf;
				ENABLE_STRICT_OBJC_MSGSEND = YES;
				ENABLE_TESTABILITY = YES;
				ENABLE_USER_SCRIPT_SANDBOXING = NO;
				GCC_C_LANGUAGE_STANDARD = gnu17;
				GCC_DYNAMIC_NO_PIC = NO;
				GCC_NO_COMMON_BLOCKS = YES;
				GCC_OPTIMIZATION_LEVEL = 0;
				GCC_PREPROCESSOR_DEFINITIONS = (
					"DEBUG=1",
					"$(inherited)",
				);
				GCC_WARN_64_TO_32_BIT_CONVERSION = YES;
				GCC_WARN_ABOUT_RETURN_TYPE = YES_ERROR;
				GCC_WARN_UNDECLARED_SELECTOR = YES;
				GCC_WARN_UNINITIALIZED_AUTOS = YES_AGGRESSIVE;
				GCC_WARN_UNUSED_FUNCTION = YES;
				GCC_WARN_UNUSED_VARIABLE = YES;
				LOCALIZATION_PREFERS_STRING_CATALOGS = YES;
				MACOSX_DEPLOYMENT_TARGET = 14.0;
				MTL_ENABLE_DEBUG_INFO = INCLUDE_SOURCE;
				MTL_FAST_MATH = YES;
				ONLY_ACTIVE_ARCH = YES;
				SDKROOT = macosx;
				SWIFT_ACTIVE_COMPILATION_CONDITIONS = "DEBUG $(inherited)";
				SWIFT_OPTIMIZATION_LEVEL = "-Onone";
			};
			name = Debug;
		};
		475671472AE07A4200DE510F /* Release */ = {
			isa = XCBuildConfiguration;
			buildSettings = {
				ALWAYS_SEARCH_USER_PATHS = NO;
				ASSETCATALOG_COMPILER_GENERATE_SWIFT_ASSET_SYMBOL_EXTENSIONS = YES;
				CLANG_ANALYZER_NONNULL = YES;
				CLANG_ANALYZER_NUMBER_OBJECT_CONVERSION = YES_AGGRESSIVE;
				CLANG_CXX_LANGUAGE_STANDARD = "gnu++20";
				CLANG_ENABLE_MODULES = YES;
				CLANG_ENABLE_OBJC_ARC = YES;
				CLANG_ENABLE_OBJC_WEAK = YES;
				CLANG_WARN_BLOCK_CAPTURE_AUTORELEASING = YES;
				CLANG_WARN_BOOL_CONVERSION = YES;
				CLANG_WARN_COMMA = YES;
				CLANG_WARN_CONSTANT_CONVERSION = YES;
				CLANG_WARN_DEPRECATED_OBJC_IMPLEMENTATIONS = YES;
				CLANG_WARN_DIRECT_OBJC_ISA_USAGE = YES_ERROR;
				CLANG_WARN_DOCUMENTATION_COMMENTS = YES;
				CLANG_WARN_EMPTY_BODY = YES;
				CLANG_WARN_ENUM_CONVERSION = YES;
				CLANG_WARN_INFINITE_RECURSION = YES;
				CLANG_WARN_INT_CONVERSION = YES;
				CLANG_WARN_NON_LITERAL_NULL_CONVERSION = YES;
				CLANG_WARN_OBJC_IMPLICIT_RETAIN_SELF = YES;
				CLANG_WARN_OBJC_LITERAL_CONVERSION = YES;
				CLANG_WARN_OBJC_ROOT_CLASS = YES_ERROR;
				CLANG_WARN_QUOTED_INCLUDE_IN_FRAMEWORK_HEADER = YES;
				CLANG_WARN_RANGE_LOOP_ANALYSIS = YES;
				CLANG_WARN_STRICT_PROTOTYPES = YES;
				CLANG_WARN_SUSPICIOUS_MOVE = YES;
				CLANG_WARN_UNGUARDED_AVAILABILITY = YES_AGGRESSIVE;
				CLANG_WARN_UNREACHABLE_CODE = YES;
				CLANG_WARN__DUPLICATE_METHOD_MATCH = YES;
				COPY_PHASE_STRIP = NO;
				DEBUG_INFORMATION_FORMAT = "dwarf-with-dsym";
				ENABLE_NS_ASSERTIONS = NO;
				ENABLE_STRICT_OBJC_MSGSEND = YES;
				ENABLE_USER_SCRIPT_SANDBOXING = NO;
				GCC_C_LANGUAGE_STANDARD = gnu17;
				GCC_NO_COMMON_BLOCKS = YES;
				GCC_WARN_64_TO_32_BIT_CONVERSION = YES;
				GCC_WARN_ABOUT_RETURN_TYPE = YES_ERROR;
				GCC_WARN_UNDECLARED_SELECTOR = YES;
				GCC_WARN_UNINITIALIZED_AUTOS = YES_AGGRESSIVE;
				GCC_WARN_UNUSED_FUNCTION = YES;
				GCC_WARN_UNUSED_VARIABLE = YES;
				LOCALIZATION_PREFERS_STRING_CATALOGS = YES;
				MACOSX_DEPLOYMENT_TARGET = 14.0;
				MTL_ENABLE_DEBUG_INFO = NO;
				MTL_FAST_MATH = YES;
				SDKROOT = macosx;
				SWIFT_COMPILATION_MODE = wholemodule;
			};
			name = Release;
		};
		475671492AE07A4200DE510F /* Debug */ = {
			isa = XCBuildConfiguration;
			baseConfigurationReference = 11B695D350AA72A2BA047972 /* Pods-TransparentNavigationSplitViewExample.debug.xcconfig */;
			buildSettings = {
				ASSETCATALOG_COMPILER_APPICON_NAME = AppIcon;
				ASSETCATALOG_COMPILER_GLOBAL_ACCENT_COLOR_NAME = AccentColor;
				CODE_SIGN_ENTITLEMENTS = TransparentNavigationSplitViewExample/TransparentNavigationSplitViewExample.entitlements;
				CODE_SIGN_STYLE = Automatic;
				COMBINE_HIDPI_IMAGES = YES;
				CURRENT_PROJECT_VERSION = 1;
				DEVELOPMENT_ASSET_PATHS = "\"TransparentNavigationSplitViewExample/Preview Content\"";
				ENABLE_PREVIEWS = YES;
				GENERATE_INFOPLIST_FILE = YES;
				INFOPLIST_KEY_NSHumanReadableCopyright = "";
				LD_RUNPATH_SEARCH_PATHS = (
					"$(inherited)",
					"@executable_path/../Frameworks",
				);
				MARKETING_VERSION = 1.0;
				PRODUCT_BUNDLE_IDENTIFIER = com.foo.example.TransparentNavigationSplitViewExample;
				PRODUCT_NAME = "$(TARGET_NAME)";
				SWIFT_EMIT_LOC_STRINGS = YES;
				SWIFT_VERSION = 5.0;
			};
			name = Debug;
		};
		4756714A2AE07A4200DE510F /* Release */ = {
			isa = XCBuildConfiguration;
			baseConfigurationReference = E69935767C87570C8BAB4194 /* Pods-TransparentNavigationSplitViewExample.release.xcconfig */;
			buildSettings = {
				ASSETCATALOG_COMPILER_APPICON_NAME = AppIcon;
				ASSETCATALOG_COMPILER_GLOBAL_ACCENT_COLOR_NAME = AccentColor;
				CODE_SIGN_ENTITLEMENTS = TransparentNavigationSplitViewExample/TransparentNavigationSplitViewExample.entitlements;
				CODE_SIGN_STYLE = Automatic;
				COMBINE_HIDPI_IMAGES = YES;
				CURRENT_PROJECT_VERSION = 1;
				DEVELOPMENT_ASSET_PATHS = "\"TransparentNavigationSplitViewExample/Preview Content\"";
				ENABLE_PREVIEWS = YES;
				GENERATE_INFOPLIST_FILE = YES;
				INFOPLIST_KEY_NSHumanReadableCopyright = "";
				LD_RUNPATH_SEARCH_PATHS = (
					"$(inherited)",
					"@executable_path/../Frameworks",
				);
				MARKETING_VERSION = 1.0;
				PRODUCT_BUNDLE_IDENTIFIER = com.foo.example.TransparentNavigationSplitViewExample;
				PRODUCT_NAME = "$(TARGET_NAME)";
				SWIFT_EMIT_LOC_STRINGS = YES;
				SWIFT_VERSION = 5.0;
			};
			name = Release;
		};
/* End XCBuildConfiguration section */

/* Begin XCConfigurationList section */
		475671342AE07A4100DE510F /* Build configuration list for PBXProject "TransparentNavigationSplitViewExample" */ = {
			isa = XCConfigurationList;
			buildConfigurations = (
				475671462AE07A4200DE510F /* Debug */,
				475671472AE07A4200DE510F /* Release */,
			);
			defaultConfigurationIsVisible = 0;
			defaultConfigurationName = Release;
		};
		475671482AE07A4200DE510F /* Build configuration list for PBXNativeTarget "TransparentNavigationSplitViewExample" */ = {
			isa = XCConfigurationList;
			buildConfigurations = (
				475671492AE07A4200DE510F /* Debug */,
				4756714A2AE07A4200DE510F /* Release */,
			);
			defaultConfigurationIsVisible = 0;
			defaultConfigurationName = Release;
		};
/* End XCConfigurationList section */
	};
	rootObject = 475671312AE07A4100DE510F /* Project object */;
}
